[[package]]
category = "dev"
description = "Disable App Nap on OS X 10.9"
marker = "python_version >= \"3.4\" and sys_platform == \"darwin\""
name = "appnope"
optional = false
python-versions = "*"
version = "0.1.0"

[[package]]
category = "dev"
description = "Atomic file writes."
name = "atomicwrites"
optional = false
python-versions = ">=2.7, !=3.0.*, !=3.1.*, !=3.2.*, !=3.3.*"
version = "1.3.0"

[[package]]
category = "dev"
description = "Classes Without Boilerplate"
name = "attrs"
optional = false
python-versions = ">=2.7, !=3.0.*, !=3.1.*, !=3.2.*, !=3.3.*"
version = "19.1.0"

[[package]]
category = "dev"
description = "Specifications for callback functions passed in to an API"
marker = "python_version >= \"3.4\""
name = "backcall"
optional = false
python-versions = "*"
version = "0.1.0"

[[package]]
category = "main"
description = "Composable command line interface toolkit"
name = "click"
optional = false
python-versions = ">=2.7, !=3.0.*, !=3.1.*, !=3.2.*, !=3.3.*"
version = "7.0"

[[package]]
category = "dev"
description = "Cross-platform colored terminal text."
marker = "python_version >= \"3.4\" and sys_platform == \"win32\" or sys_platform == \"win32\""
name = "colorama"
optional = false
python-versions = ">=2.7, !=3.0.*, !=3.1.*, !=3.2.*, !=3.3.*"
version = "0.4.1"

[[package]]
category = "dev"
description = "Better living through Python with decorators"
marker = "python_version >= \"3.4\""
name = "decorator"
optional = false
python-versions = ">=2.6, !=3.0.*, !=3.1.*"
version = "4.4.0"

[[package]]
category = "main"
description = "A simple framework for building complex web applications."
name = "flask"
optional = false
python-versions = ">=2.7, !=3.0.*, !=3.1.*, !=3.2.*, !=3.3.*, !=3.4.*"
version = "1.1.1"

[package.dependencies]
Jinja2 = ">=2.10.1"
Werkzeug = ">=0.15"
click = ">=5.1"
itsdangerous = ">=0.24"

[[package]]
category = "main"
description = "A Flask extension adding a decorator for CORS support"
name = "flask-cors"
optional = false
python-versions = "*"
version = "3.0.8"

[package.dependencies]
Flask = ">=0.9"
Six = "*"

[[package]]
category = "dev"
description = "Read metadata from Python packages"
name = "importlib-metadata"
optional = false
python-versions = ">=2.7,!=3.0,!=3.1,!=3.2,!=3.3"
version = "0.18"

[package.dependencies]
zipp = ">=0.5"

[[package]]
category = "dev"
description = "IPython-enabled pdb"
name = "ipdb"
optional = false
python-versions = ">=2.7"
version = "0.12"

[package.dependencies]
setuptools = "*"

[package.dependencies.ipython]
python = ">=3.4"
version = ">=5.1.0"

[[package]]
category = "dev"
description = "IPython: Productive Interactive Computing"
marker = "python_version >= \"3.4\""
name = "ipython"
optional = false
python-versions = ">=3.5"
version = "7.6.1"

[package.dependencies]
appnope = "*"
backcall = "*"
colorama = "*"
decorator = "*"
jedi = ">=0.10"
pexpect = "*"
pickleshare = "*"
prompt-toolkit = ">=2.0.0,<2.1.0"
pygments = "*"
setuptools = ">=18.5"
traitlets = ">=4.2"

[[package]]
category = "dev"
description = "Vestigial utilities from IPython"
marker = "python_version >= \"3.4\""
name = "ipython-genutils"
optional = false
python-versions = "*"
version = "0.2.0"

[[package]]
category = "main"
description = "Various helpers to pass data to untrusted environments and back."
name = "itsdangerous"
optional = false
python-versions = ">=2.7, !=3.0.*, !=3.1.*, !=3.2.*, !=3.3.*"
version = "1.1.0"

[[package]]
category = "dev"
description = "An autocompletion tool for Python that can be used for text editors."
marker = "python_version >= \"3.4\""
name = "jedi"
optional = false
python-versions = ">=2.7, !=3.0.*, !=3.1.*, !=3.2.*, !=3.3.*"
version = "0.14.0"

[package.dependencies]
parso = ">=0.3.0"

[[package]]
category = "main"
description = "A small but fast and easy to use stand-alone template engine written in pure python."
name = "jinja2"
optional = false
python-versions = "*"
version = "2.10.1"

[package.dependencies]
MarkupSafe = ">=0.23"

[[package]]
category = "main"
description = "Safely add untrusted strings to HTML/XML markup."
name = "markupsafe"
optional = false
python-versions = ">=2.7,!=3.0.*,!=3.1.*,!=3.2.*,!=3.3.*"
version = "1.1.1"

[[package]]
category = "dev"
description = "More routines for operating on iterables, beyond itertools"
name = "more-itertools"
optional = false
python-versions = ">=3.4"
version = "7.1.0"

[[package]]
category = "dev"
description = "A Python Parser"
marker = "python_version >= \"3.4\""
name = "parso"
optional = false
python-versions = "*"
version = "0.5.0"

[[package]]
category = "dev"
description = "Pexpect allows easy control of interactive console applications."
marker = "python_version >= \"3.4\" and sys_platform != \"win32\""
name = "pexpect"
optional = false
python-versions = "*"
version = "4.7.0"

[package.dependencies]
ptyprocess = ">=0.5"

[[package]]
category = "dev"
description = "Tiny 'shelve'-like database with concurrency support"
marker = "python_version >= \"3.4\""
name = "pickleshare"
optional = false
python-versions = "*"
version = "0.7.5"

[[package]]
category = "dev"
description = "plugin and hook calling mechanisms for python"
name = "pluggy"
optional = false
python-versions = ">=2.7, !=3.0.*, !=3.1.*, !=3.2.*, !=3.3.*"
version = "0.12.0"

[package.dependencies]
importlib-metadata = ">=0.12"

[[package]]
category = "dev"
description = "Library for building powerful interactive command lines in Python"
marker = "python_version >= \"3.4\""
name = "prompt-toolkit"
optional = false
python-versions = "*"
version = "2.0.9"

[package.dependencies]
six = ">=1.9.0"
wcwidth = "*"

[[package]]
category = "dev"
description = "Run a subprocess in a pseudo terminal"
marker = "python_version >= \"3.4\" and sys_platform != \"win32\""
name = "ptyprocess"
optional = false
python-versions = "*"
version = "0.6.0"

[[package]]
category = "dev"
description = "library with cross-python path, ini-parsing, io, code, log facilities"
name = "py"
optional = false
python-versions = ">=2.7, !=3.0.*, !=3.1.*, !=3.2.*, !=3.3.*"
version = "1.8.0"

[[package]]
category = "dev"
description = "Pygments is a syntax highlighting package written in Python."
marker = "python_version >= \"3.4\""
name = "pygments"
optional = false
python-versions = ">=2.7, !=3.0.*, !=3.1.*, !=3.2.*, !=3.3.*, !=3.4.*"
version = "2.4.2"

[[package]]
category = "dev"
description = "pytest: simple powerful testing with Python"
name = "pytest"
optional = false
python-versions = ">=2.7, !=3.0.*, !=3.1.*, !=3.2.*, !=3.3.*"
version = "3.10.1"

[package.dependencies]
atomicwrites = ">=1.0"
attrs = ">=17.4.0"
colorama = "*"
more-itertools = ">=4.0.0"
pluggy = ">=0.7"
py = ">=1.5.0"
setuptools = "*"
six = ">=1.10.0"

[[package]]
category = "main"
description = "Python 2 and 3 compatibility utilities"
name = "six"
optional = false
python-versions = ">=2.6, !=3.0.*, !=3.1.*"
version = "1.12.0"

[[package]]
category = "dev"
description = "Traitlets Python config system"
marker = "python_version >= \"3.4\""
name = "traitlets"
optional = false
python-versions = "*"
version = "4.3.2"

[package.dependencies]
decorator = "*"
ipython-genutils = "*"
six = "*"

[[package]]
category = "dev"
description = "Measures number of Terminal column cells of wide-character codes"
marker = "python_version >= \"3.4\""
name = "wcwidth"
optional = false
python-versions = "*"
version = "0.1.7"

[[package]]
category = "main"
description = "The comprehensive WSGI web application library."
name = "werkzeug"
optional = false
python-versions = ">=2.7, !=3.0.*, !=3.1.*, !=3.2.*, !=3.3.*"
version = "0.15.4"

[[package]]
category = "dev"
description = "Backport of pathlib-compatible object wrapper for zip files"
name = "zipp"
optional = false
python-versions = ">=2.7"
version = "0.5.2"

[metadata]
content-hash = "cea9816f025ab1fa85a1f04a2de0c9253beb23dd08d11de1c835ac4337857241"
python-versions = "^3.7"

[metadata.hashes]
appnope = ["5b26757dc6f79a3b7dc9fab95359328d5747fcb2409d331ea66d0272b90ab2a0", "8b995ffe925347a2138d7ac0fe77155e4311a0ea6d6da4f5128fe4b3cbe5ed71"]
atomicwrites = ["03472c30eb2c5d1ba9227e4c2ca66ab8287fbfbbda3888aa93dc2e28fc6811b4", "75a9445bac02d8d058d5e1fe689654ba5a6556a1dfd8ce6ec55a0ed79866cfa6"]
attrs = ["69c0dbf2ed392de1cb5ec704444b08a5ef81680a61cb899dc08127123af36a79", "f0b870f674851ecbfbbbd364d6b5cbdff9dcedbc7f3f5e18a6891057f21fe399"]
backcall = ["38ecd85be2c1e78f77fd91700c76e14667dc21e2713b63876c0eb901196e01e4", "bbbf4b1e5cd2bdb08f915895b51081c041bac22394fdfcfdfbe9f14b77c08bf2"]
click = ["2335065e6395b9e67ca716de5f7526736bfa6ceead690adf616d925bdc622b13", "5b94b49521f6456670fdb30cd82a4eca9412788a93fa6dd6df72c94d5a8ff2d7"]
colorama = ["05eed71e2e327246ad6b38c540c4a3117230b19679b875190486ddd2d721422d", "f8ac84de7840f5b9c4e3347b3c1eaa50f7e49c2b07596221daec5edaabbd7c48"]
decorator = ["86156361c50488b84a3f148056ea716ca587df2f0de1d34750d35c21312725de", "f069f3a01830ca754ba5258fde2278454a0b5b79e0d7f5c13b3b97e57d4acff6"]
flask = ["13f9f196f330c7c2c5d7a5cf91af894110ca0215ac051b5844701f2bfd934d52", "45eb5a6fd193d6cf7e0cf5d8a5b31f83d5faae0293695626f539a823e93b13f6"]
flask-cors = ["72170423eb4612f0847318afff8c247b38bd516b7737adfc10d1c2cdbb382d16", "f4d97201660e6bbcff2d89d082b5b6d31abee04b1b3003ee073a6fd25ad1d69a"]
importlib-metadata = ["6dfd58dfe281e8d240937776065dd3624ad5469c835248219bd16cf2e12dbeb7", "cb6ee23b46173539939964df59d3d72c3e0c1b5d54b84f1d8a7e912fe43612db"]
ipdb = ["dce2112557edfe759742ca2d0fee35c59c97b0cc7a05398b791079d78f1519ce"]
ipython = ["11067ab11d98b1e6c7f0993506f7a5f8a91af420f7e82be6575fcb7a6ca372a0", "60bc55c2c1d287161191cc2469e73c116d9b634cff25fe214a43cba7cec94c79"]
ipython-genutils = ["72dd37233799e619666c9f639a9da83c34013a73e8bbc79a7a6348d93c61fab8", "eb2e116e75ecef9d4d228fdc66af54269afa26ab4463042e33785b887c628ba8"]
itsdangerous = ["321b033d07f2a4136d3ec762eac9f16a10ccd60f53c0c91af90217ace7ba1f19", "b12271b2047cb23eeb98c8b5622e2e5c5e9abd9784a153e9d8ef9cb4dd09d749"]
jedi = ["49ccb782651bb6f7009810d17a3316f8867dde31654c750506970742e18b553d", "79d0f6595f3846dffcbe667cc6dc821b96e5baa8add125176c31a3917eb19d58"]
jinja2 = ["065c4f02ebe7f7cf559e49ee5a95fb800a9e4528727aec6f24402a5374c65013", "14dd6caf1527abb21f08f86c784eac40853ba93edb79552aa1e4b8aef1b61c7b"]
markupsafe = ["00bc623926325b26bb9605ae9eae8a215691f33cae5df11ca5424f06f2d1f473", "09027a7803a62ca78792ad89403b1b7a73a01c8cb65909cd876f7fcebd79b161", "09c4b7f37d6c648cb13f9230d847adf22f8171b1ccc4d5682398e77f40309235", "1027c282dad077d0bae18be6794e6b6b8c91d58ed8a8d89a89d59693b9131db5", "24982cc2533820871eba85ba648cd53d8623687ff11cbb805be4ff7b4c971aff", "29872e92839765e546828bb7754a68c418d927cd064fd4708fab9fe9c8bb116b", "43a55c2930bbc139570ac2452adf3d70cdbb3cfe5912c71cdce1c2c6bbd9c5d1", "46c99d2de99945ec5cb54f23c8cd5689f6d7177305ebff350a58ce5f8de1669e", "500d4957e52ddc3351cabf489e79c91c17f6e0899158447047588650b5e69183", "535f6fc4d397c1563d08b88e485c3496cf5784e927af890fb3c3aac7f933ec66", "62fe6c95e3ec8a7fad637b7f3d372c15ec1caa01ab47926cfdf7a75b40e0eac1", "6dd73240d2af64df90aa7c4e7481e23825ea70af4b4922f8ede5b9e35f78a3b1", "717ba8fe3ae9cc0006d7c451f0bb265ee07739daf76355d06366154ee68d221e", "79855e1c5b8da654cf486b830bd42c06e8780cea587384cf6545b7d9ac013a0b", "7c1699dfe0cf8ff607dbdcc1e9b9af1755371f92a68f706051cc8c37d447c905", "88e5fcfb52ee7b911e8bb6d6aa2fd21fbecc674eadd44118a9cc3863f938e735", "8defac2f2ccd6805ebf65f5eeb132adcf2ab57aa11fdf4c0dd5169a004710e7d", "98c7086708b163d425c67c7a91bad6e466bb99d797aa64f965e9d25c12111a5e", "9add70b36c5666a2ed02b43b335fe19002ee5235efd4b8a89bfcf9005bebac0d", "9bf40443012702a1d2070043cb6291650a0841ece432556f784f004937f0f32c", "ade5e387d2ad0d7ebf59146cc00c8044acbd863725f887353a10df825fc8ae21", "b00c1de48212e4cc9603895652c5c410df699856a2853135b3967591e4beebc2", "b1282f8c00509d99fef04d8ba936b156d419be841854fe901d8ae224c59f0be5", "b2051432115498d3562c084a49bba65d97cf251f5a331c64a12ee7e04dacc51b", "ba59edeaa2fc6114428f1637ffff42da1e311e29382d81b339c1817d37ec93c6", "c8716a48d94b06bb3b2524c2b77e055fb313aeb4ea620c8dd03a105574ba704f", "cd5df75523866410809ca100dc9681e301e3c27567cf498077e8551b6d20e42f", "e249096428b3ae81b08327a63a485ad0878de3fb939049038579ac0ef61e17e7"]
more-itertools = ["3ad685ff8512bf6dc5a8b82ebf73543999b657eded8c11803d9ba6b648986f4d", "8bb43d1f51ecef60d81854af61a3a880555a14643691cc4b64a6ee269c78f09a"]
parso = ["5052bb33be034cba784193e74b1cde6ebf29ae8b8c1e4ad94df0c4209bfc4826", "db5881df1643bf3e66c097bfd8935cf03eae73f4cb61ae4433c9ea4fb6613446"]
pexpect = ["2094eefdfcf37a1fdbfb9aa090862c1a4878e5c7e0e7e7088bdb511c558e5cd1", "9e2c1fd0e6ee3a49b28f95d4b33bc389c89b20af6a1255906e90ff1262ce62eb"]
pickleshare = ["87683d47965c1da65cdacaf31c8441d12b8044cdec9aca500cd78fc2c683afca", "9649af414d74d4df115d5d718f82acb59c9d418196b7b4290ed47a12ce62df56"]
pluggy = ["0825a152ac059776623854c1543d65a4ad408eb3d33ee114dff91e57ec6ae6fc", "b9817417e95936bf75d85d3f8767f7df6cdde751fc40aed3bb3074cbcb77757c"]
prompt-toolkit = ["11adf3389a996a6d45cc277580d0d53e8a5afd281d0c9ec71b28e6f121463780", "2519ad1d8038fd5fc8e770362237ad0364d16a7650fb5724af6997ed5515e3c1", "977c6583ae813a37dc1c2e1b715892461fcbdaa57f6fc62f33a528c4886c8f55"]
ptyprocess = ["923f299cc5ad920c68f2bc0bc98b75b9f838b93b599941a6b63ddbc2476394c0", "d7cc528d76e76342423ca640335bd3633420dc1366f258cb31d05e865ef5ca1f"]
py = ["64f65755aee5b381cea27766a3a147c3f15b9b6b9ac88676de66ba2ae36793fa", "dc639b046a6e2cff5bbe40194ad65936d6ba360b52b3c3fe1d08a82dd50b5e53"]
pygments = ["71e430bc85c88a430f000ac1d9b331d2407f681d6f6aec95e8bcfbc3df5b0127", "881c4c157e45f30af185c1ffe8d549d48ac9127433f2c380c24b84572ad66297"]
pytest = ["3f193df1cfe1d1609d4c583838bea3d532b18d6160fd3f55c9447fdca30848ec", "e246cf173c01169b9617fc07264b7b1316e78d7a650055235d6d897bc80d9660"]
six = ["3350809f0555b11f552448330d0b52d5f24c91a322ea4a15ef22629740f3761c", "d16a0141ec1a18405cd4ce8b4613101da75da0e9a7aec5bdd4fa804d0e0eba73"]
traitlets = ["9c4bd2d267b7153df9152698efb1050a5d84982d3384a37b2c1f7723ba3e7835", "c6cb5e6f57c5a9bdaa40fa71ce7b4af30298fbab9ece9815b5d995ab6217c7d9"]
wcwidth = ["3df37372226d6e63e1b1e1eda15c594bca98a22d33a23832a90998faa96bc65e", "f4ebe71925af7b40a864553f761ed559b43544f8f71746c2d756c7fe788ade7c"]
werkzeug = ["865856ebb55c4dcd0630cdd8f3331a1847a819dda7e8c750d3db6f2aa6c0209c", "a0b915f0815982fb2a09161cb8f31708052d0951c3ba433ccc5e1aa276507ca6"]
zipp = ["4970c3758f4e89a7857a973b1e2a5d75bcdc47794442f2e2dd4fe8e0466e809a", "8a5712cfd3bb4248015eb3b0b3c54a5f6ee3f2425963ef2a0125b8bc40aafaec"]
